
Microsoft Visual Studio Solution File, Format Version 12.00
# Visual Studio Version 16
VisualStudioVersion = 16.0.32002.261
MinimumVisualStudioVersion = 10.0.40219.1
Project("{FAE04EC0-301F-11D3-BF4B-00C04F79EFBC}") = "ConceptsPOO", "ConceptsPOO\ConceptsPOO.csproj", "{5CB07DDB-149D-4FA9-9801-EEA6501100EF}"
EndProject
Global
	GlobalSection(SolutionConfigurationPlatforms) = preSolution
		Debug|Any CPU = Debug|Any CPU
		Release|Any CPU = Release|Any CPU
	EndGlobalSection
	GlobalSection(ProjectConfigurationPlatforms) = postSolution
		{5CB07DDB-149D-4FA9-9801-EEA6501100EF}.Debug|Any CPU.ActiveCfg = Debug|Any CPU
		{5CB07DDB-149D-4FA9-9801-EEA6501100EF}.Debug|Any CPU.Build.0 = Debug|Any CPU
		{5CB07DDB-149D-4FA9-9801-EEA6501100EF}.Release|Any CPU.ActiveCfg = Release|Any CPU
		{5CB07DDB-149D-4FA9-9801-EEA6501100EF}.Release|Any CPU.Build.0 = Release|Any CPU
	EndGlobalSection
	GlobalSection(SolutionProperties) = preSolution
		HideSolutionNode = FALSE
	EndGlobalSection
	GlobalSection(ExtensibilityGlobals) = postSolution
		SolutionGuid = {5E28B033-8870-4D7D-9D36-8A29046818E0}
	EndGlobalSection
EndGlobal
